
Microsoft Visual Studio Solution File, Format Version 12.00
# Visual Studio Version 16
VisualStudioVersion = 16.0.29306.81
MinimumVisualStudioVersion = 10.0.40219.1
Project("{FAE04EC0-301F-11D3-BF4B-00C04F79EFBC}") = "Abilymp", "Abilymp\Abilymp.csproj", "{1DF3ECCE-382B-480E-AB73-CA37735FE4A8}"
EndProject
Global
	GlobalSection(SolutionConfigurationPlatforms) = preSolution
		Debug|Any CPU = Debug|Any CPU
		Release|Any CPU = Release|Any CPU
	EndGlobalSection
	GlobalSection(ProjectConfigurationPlatforms) = postSolution
		{1DF3ECCE-382B-480E-AB73-CA37735FE4A8}.Debug|Any CPU.ActiveCfg = Debug|Any CPU
		{1DF3ECCE-382B-480E-AB73-CA37735FE4A8}.Debug|Any CPU.Build.0 = Debug|Any CPU
		{1DF3ECCE-382B-480E-AB73-CA37735FE4A8}.Release|Any CPU.ActiveCfg = Release|Any CPU
		{1DF3ECCE-382B-480E-AB73-CA37735FE4A8}.Release|Any CPU.Build.0 = Release|Any CPU
	EndGlobalSection
	GlobalSection(SolutionProperties) = preSolution
		HideSolutionNode = FALSE
	EndGlobalSection
	GlobalSection(ExtensibilityGlobals) = postSolution
		SolutionGuid = {ACA021A5-D103-43D5-81F4-7BBC34A03CED}
	EndGlobalSection
EndGlobal
